{
  "object": {
    "pins": [
      {
        "package": "Match3Kit",
        "repositoryURL": "https://github.com/alex566/Match3Kit",
        "state": {
          "branch": null,
          "revision": "9b5e24c1d110391166cea44d9023af7f665c23b3",
          "version": "0.5.2"
        }
      }
    ]
  },
  "version": 1
}
